# This file is automatically @generated by Cargo.
# It is not intended for manual editing.
version = 4

[[package]]
name = "hvf-runner"
version = "0.1.0"
dependencies = [
 "libc",
 "vm-fdt",
]

[[package]]
name = "libc"
version = "0.2.184"
source = "registry+https://github.com/rust-lang/crates.io-index"
checksum = "48f5d2a454e16a5ea0f4ced81bd44e4cfc7bd3a507b61887c99fd3538b28e4af"

[[package]]
name = "vm-fdt"
version = "0.3.0"
source = "registry+https://github.com/rust-lang/crates.io-index"
checksum = "7e21282841a059bb62627ce8441c491f09603622cd5a21c43bfedc85a2952f23"
